// !$*UTF8*$!
{
	archiveVersion = 1;
	classes = {
	};
	objectVersion = 56;
	objects = {

/* Begin PBXBuildFile section */
		958D70432906D616002D69FC /* AppDelegate.swift in Sources */ = {isa = PBXBuildFile; fileRef = 958D70422906D616002D69FC /* AppDelegate.swift */; };
		958D70452906D616002D69FC /* SceneDelegate.swift in Sources */ = {isa = PBXBuildFile; fileRef = 958D70442906D616002D69FC /* SceneDelegate.swift */; };
		958D70472906D616002D69FC /* ViewController.swift in Sources */ = {isa = PBXBuildFile; fileRef = 958D70462906D616002D69FC /* ViewController.swift */; };
		958D704A2906D616002D69FC /* Main.storyboard in Resources */ = {isa = PBXBuildFile; fileRef = 958D70482906D616002D69FC /* Main.storyboard */; };
		958D704C2906D616002D69FC /* Assets.xcassets in Resources */ = {isa = PBXBuildFile; fileRef = 958D704B2906D616002D69FC /* Assets.xcassets */; };
		958D704F2906D616002D69FC /* LaunchScreen.storyboard in Resources */ = {isa = PBXBuildFile; fileRef = 958D704D2906D616002D69FC /* LaunchScreen.storyboard */; };
		958D705A2906D616002D69FC /* fit_baseTests.swift in Sources */ = {isa = PBXBuildFile; fileRef = 958D70592906D616002D69FC /* fit_baseTests.swift */; };
		958D70642906D616002D69FC /* fit_baseUITests.swift in Sources */ = {isa = PBXBuildFile; fileRef = 958D70632906D616002D69FC /* fit_baseUITests.swift */; };
		958D70662906D616002D69FC /* fit_baseUITestsLaunchTests.swift in Sources */ = {isa = PBXBuildFile; fileRef = 958D70652906D616002D69FC /* fit_baseUITestsLaunchTests.swift */; };
/* End PBXBuildFile section */

/* Begin PBXContainerItemProxy section */
		958D70562906D616002D69FC /* PBXContainerItemProxy */ = {
			isa = PBXContainerItemProxy;
			containerPortal = 958D70372906D616002D69FC /* Project object */;
			proxyType = 1;
			remoteGlobalIDString = 958D703E2906D616002D69FC;
			remoteInfo = "fit-base";
		};
		958D70602906D616002D69FC /* PBXContainerItemProxy */ = {
			isa = PBXContainerItemProxy;
			containerPortal = 958D70372906D616002D69FC /* Project object */;
			proxyType = 1;
			remoteGlobalIDString = 958D703E2906D616002D69FC;
			remoteInfo = "fit-base";
		};
/* End PBXContainerItemProxy section */

/* Begin PBXFileReference section */
		958D703F2906D616002D69FC /* fit-base.app */ = {isa = PBXFileReference; explicitFileType = wrapper.application; includeInIndex = 0; path = "fit-base.app"; sourceTree = BUILT_PRODUCTS_DIR; };
		958D70422906D616002D69FC /* AppDelegate.swift */ = {isa = PBXFileReference; lastKnownFileType = sourcecode.swift; path = AppDelegate.swift; sourceTree = "<group>"; };
		958D70442906D616002D69FC /* SceneDelegate.swift */ = {isa = PBXFileReference; lastKnownFileType = sourcecode.swift; path = SceneDelegate.swift; sourceTree = "<group>"; };
		958D70462906D616002D69FC /* ViewController.swift */ = {isa = PBXFileReference; lastKnownFileType = sourcecode.swift; path = ViewController.swift; sourceTree = "<group>"; };
		958D70492906D616002D69FC /* Base */ = {isa = PBXFileReference; lastKnownFileType = file.storyboard; name = Base; path = Base.lproj/Main.storyboard; sourceTree = "<group>"; };
		958D704B2906D616002D69FC /* Assets.xcassets */ = {isa = PBXFileReference; lastKnownFileType = folder.assetcatalog; path = Assets.xcassets; sourceTree = "<group>"; };
		958D704E2906D616002D69FC /* Base */ = {isa = PBXFileReference; lastKnownFileType = file.storyboard; name = Base; path = Base.lproj/LaunchScreen.storyboard; sourceTree = "<group>"; };
		958D70502906D616002D69FC /* Info.plist */ = {isa = PBXFileReference; lastKnownFileType = text.plist.xml; path = Info.plist; sourceTree = "<group>"; };
		958D70552906D616002D69FC /* fit-baseTests.xctest */ = {isa = PBXFileReference; explicitFileType = wrapper.cfbundle; includeInIndex = 0; path = "fit-baseTests.xctest"; sourceTree = BUILT_PRODUCTS_DIR; };
		958D70592906D616002D69FC /* fit_baseTests.swift */ = {isa = PBXFileReference; lastKnownFileType = sourcecode.swift; path = fit_baseTests.swift; sourceTree = "<group>"; };
		958D705F2906D616002D69FC /* fit-baseUITests.xctest */ = {isa = PBXFileReference; explicitFileType = wrapper.cfbundle; includeInIndex = 0; path = "fit-baseUITests.xctest"; sourceTree = BUILT_PRODUCTS_DIR; };
		958D70632906D616002D69FC /* fit_baseUITests.swift */ = {isa = PBXFileReference; lastKnownFileType = sourcecode.swift; path = fit_baseUITests.swift; sourceTree = "<group>"; };
		958D70652906D616002D69FC /* fit_baseUITestsLaunchTests.swift */ = {isa = PBXFileReference; lastKnownFileType = sourcecode.swift; path = fit_baseUITestsLaunchTests.swift; sourceTree = "<group>"; };
/* End PBXFileReference section */

/* Begin PBXFrameworksBuildPhase section */
		958D703C2906D616002D69FC /* Frameworks */ = {
			isa = PBXFrameworksBuildPhase;
			buildActionMask = 2147483647;
			files = (
			);
			runOnlyForDeploymentPostprocessing = 0;
		};
		958D70522906D616002D69FC /* Frameworks */ = {
			isa = PBXFrameworksBuildPhase;
			buildActionMask = 2147483647;
			files = (
			);
			runOnlyForDeploymentPostprocessing = 0;
		};
		958D705C2906D616002D69FC /* Frameworks */ = {
			isa = PBXFrameworksBuildPhase;
			buildActionMask = 2147483647;
			files = (
			);
			runOnlyForDeploymentPostprocessing = 0;
		};
/* End PBXFrameworksBuildPhase section */

/* Begin PBXGroup section */
		958D70362906D616002D69FC = {
			isa = PBXGroup;
			children = (
				958D70412906D616002D69FC /* fit-base */,
				958D70582906D616002D69FC /* fit-baseTests */,
				958D70622906D616002D69FC /* fit-baseUITests */,
				958D70402906D616002D69FC /* Products */,
			);
			sourceTree = "<group>";
		};
		958D70402906D616002D69FC /* Products */ = {
			isa = PBXGroup;
			children = (
				958D703F2906D616002D69FC /* fit-base.app */,
				958D70552906D616002D69FC /* fit-baseTests.xctest */,
				958D705F2906D616002D69FC /* fit-baseUITests.xctest */,
			);
			name = Products;
			sourceTree = "<group>";
		};
		958D70412906D616002D69FC /* fit-base */ = {
			isa = PBXGroup;
			children = (
				958D70422906D616002D69FC /* AppDelegate.swift */,
				958D70442906D616002D69FC /* SceneDelegate.swift */,
				958D70462906D616002D69FC /* ViewController.swift */,
				958D70482906D616002D69FC /* Main.storyboard */,
				958D704B2906D616002D69FC /* Assets.xcassets */,
				958D704D2906D616002D69FC /* LaunchScreen.storyboard */,
				958D70502906D616002D69FC /* Info.plist */,
			);
			path = "fit-base";
			sourceTree = "<group>";
		};
		958D70582906D616002D69FC /* fit-baseTests */ = {
			isa = PBXGroup;
			children = (
				958D70592906D616002D69FC /* fit_baseTests.swift */,
			);
			path = "fit-baseTests";
			sourceTree = "<group>";
		};
		958D70622906D616002D69FC /* fit-baseUITests */ = {
			isa = PBXGroup;
			children = (
				958D70632906D616002D69FC /* fit_baseUITests.swift */,
				958D70652906D616002D69FC /* fit_baseUITestsLaunchTests.swift */,
			);
			path = "fit-baseUITests";
			sourceTree = "<group>";
		};
/* End PBXGroup section */

/* Begin PBXNativeTarget section */
		958D703E2906D616002D69FC /* fit-base */ = {
			isa = PBXNativeTarget;
			buildConfigurationList = 958D70692906D616002D69FC /* Build configuration list for PBXNativeTarget "fit-base" */;
			buildPhases = (
				958D703B2906D616002D69FC /* Sources */,
				958D703C2906D616002D69FC /* Frameworks */,
				958D703D2906D616002D69FC /* Resources */,
			);
			buildRules = (
			);
			dependencies = (
			);
			name = "fit-base";
			productName = "fit-base";
			productReference = 958D703F2906D616002D69FC /* fit-base.app */;
			productType = "com.apple.product-type.application";
		};
		958D70542906D616002D69FC /* fit-baseTests */ = {
			isa = PBXNativeTarget;
			buildConfigurationList = 958D706C2906D616002D69FC /* Build configuration list for PBXNativeTarget "fit-baseTests" */;
			buildPhases = (
				958D70512906D616002D69FC /* Sources */,
				958D70522906D616002D69FC /* Frameworks */,
				958D70532906D616002D69FC /* Resources */,
			);
			buildRules = (
			);
			dependencies = (
				958D70572906D616002D69FC /* PBXTargetDependency */,
			);
			name = "fit-baseTests";
			productName = "fit-baseTests";
			productReference = 958D70552906D616002D69FC /* fit-baseTests.xctest */;
			productType = "com.apple.product-type.bundle.unit-test";
		};
		958D705E2906D616002D69FC /* fit-baseUITests */ = {
			isa = PBXNativeTarget;
			buildConfigurationList = 958D706F2906D616002D69FC /* Build configuration list for PBXNativeTarget "fit-baseUITests" */;
			buildPhases = (
				958D705B2906D616002D69FC /* Sources */,
				958D705C2906D616002D69FC /* Frameworks */,
				958D705D2906D616002D69FC /* Resources */,
			);
			buildRules = (
			);
			dependencies = (
				958D70612906D616002D69FC /* PBXTargetDependency */,
			);
			name = "fit-baseUITests";
			productName = "fit-baseUITests";
			productReference = 958D705F2906D616002D69FC /* fit-baseUITests.xctest */;
			productType = "com.apple.product-type.bundle.ui-testing";
		};
/* End PBXNativeTarget section */

/* Begin PBXProject section */
		958D70372906D616002D69FC /* Project object */ = {
			isa = PBXProject;
			attributes = {
				BuildIndependentTargetsInParallel = 1;
				LastSwiftUpdateCheck = 1400;
				LastUpgradeCheck = 1400;
				TargetAttributes = {
					958D703E2906D616002D69FC = {
						CreatedOnToolsVersion = 14.0;
					};
					958D70542906D616002D69FC = {
						CreatedOnToolsVersion = 14.0;
						TestTargetID = 958D703E2906D616002D69FC;
					};
					958D705E2906D616002D69FC = {
						CreatedOnToolsVersion = 14.0;
						TestTargetID = 958D703E2906D616002D69FC;
					};
				};
			};
			buildConfigurationList = 958D703A2906D616002D69FC /* Build configuration list for PBXProject "fit-base" */;
			compatibilityVersion = "Xcode 14.0";
			developmentRegion = en;
			hasScannedForEncodings = 0;
			knownRegions = (
				en,
				Base,
			);
			mainGroup = 958D70362906D616002D69FC;
			productRefGroup = 958D70402906D616002D69FC /* Products */;
			projectDirPath = "";
			projectRoot = "";
			targets = (
				958D703E2906D616002D69FC /* fit-base */,
				958D70542906D616002D69FC /* fit-baseTests */,
				958D705E2906D616002D69FC /* fit-baseUITests */,
			);
		};
/* End PBXProject section */

/* Begin PBXResourcesBuildPhase section */
		958D703D2906D616002D69FC /* Resources */ = {
			isa = PBXResourcesBuildPhase;
			buildActionMask = 2147483647;
			files = (
				958D704F2906D616002D69FC /* LaunchScreen.storyboard in Resources */,
				958D704C2906D616002D69FC /* Assets.xcassets in Resources */,
				958D704A2906D616002D69FC /* Main.storyboard in Resources */,
			);
			runOnlyForDeploymentPostprocessing = 0;
		};
		958D70532906D616002D69FC /* Resources */ = {
			isa = PBXResourcesBuildPhase;
			buildActionMask = 2147483647;
			files = (
			);
			runOnlyForDeploymentPostprocessing = 0;
		};
		958D705D2906D616002D69FC /* Resources */ = {
			isa = PBXResourcesBuildPhase;
			buildActionMask = 2147483647;
			files = (
			);
			runOnlyForDeploymentPostprocessing = 0;
		};
/* End PBXResourcesBuildPhase section */

/* Begin PBXSourcesBuildPhase section */
		958D703B2906D616002D69FC /* Sources */ = {
			isa = PBXSourcesBuildPhase;
			buildActionMask = 2147483647;
			files = (
				958D70472906D616002D69FC /* ViewController.swift in Sources */,
				958D70432906D616002D69FC /* AppDelegate.swift in Sources */,
				958D70452906D616002D69FC /* SceneDelegate.swift in Sources */,
			);
			runOnlyForDeploymentPostprocessing = 0;
		};
		958D70512906D616002D69FC /* Sources */ = {
			isa = PBXSourcesBuildPhase;
			buildActionMask = 2147483647;
			files = (
				958D705A2906D616002D69FC /* fit_baseTests.swift in Sources */,
			);
			runOnlyForDeploymentPostprocessing = 0;
		};
		958D705B2906D616002D69FC /* Sources */ = {
			isa = PBXSourcesBuildPhase;
			buildActionMask = 2147483647;
			files = (
				958D70662906D616002D69FC /* fit_baseUITestsLaunchTests.swift in Sources */,
				958D70642906D616002D69FC /* fit_baseUITests.swift in Sources */,
			);
			runOnlyForDeploymentPostprocessing = 0;
		};
/* End PBXSourcesBuildPhase section */

/* Begin PBXTargetDependency section */
		958D70572906D616002D69FC /* PBXTargetDependency */ = {
			isa = PBXTargetDependency;
			target = 958D703E2906D616002D69FC /* fit-base */;
			targetProxy = 958D70562906D616002D69FC /* PBXContainerItemProxy */;
		};
		958D70612906D616002D69FC /* PBXTargetDependency */ = {
			isa = PBXTargetDependency;
			target = 958D703E2906D616002D69FC /* fit-base */;
			targetProxy = 958D70602906D616002D69FC /* PBXContainerItemProxy */;
		};
/* End PBXTargetDependency section */

/* Begin PBXVariantGroup section */
		958D70482906D616002D69FC /* Main.storyboard */ = {
			isa = PBXVariantGroup;
			children = (
				958D70492906D616002D69FC /* Base */,
			);
			name = Main.storyboard;
			sourceTree = "<group>";
		};
		958D704D2906D616002D69FC /* LaunchScreen.storyboard */ = {
			isa = PBXVariantGroup;
			children = (
				958D704E2906D616002D69FC /* Base */,
			);
			name = LaunchScreen.storyboard;
			sourceTree = "<group>";
		};
/* End PBXVariantGroup section */

/* Begin XCBuildConfiguration section */
		958D70672906D616002D69FC /* Debug */ = {
			isa = XCBuildConfiguration;
			buildSettings = {
				ALWAYS_SEARCH_USER_PATHS = NO;
				CLANG_ANALYZER_NONNULL = YES;
				CLANG_ANALYZER_NUMBER_OBJECT_CONVERSION = YES_AGGRESSIVE;
				CLANG_CXX_LANGUAGE_STANDARD = "gnu++20";
				CLANG_ENABLE_MODULES = YES;
				CLANG_ENABLE_OBJC_ARC = YES;
				CLANG_ENABLE_OBJC_WEAK = YES;
				CLANG_WARN_BLOCK_CAPTURE_AUTORELEASING = YES;
				CLANG_WARN_BOOL_CONVERSION = YES;
				CLANG_WARN_COMMA = YES;
				CLANG_WARN_CONSTANT_CONVERSION = YES;
				CLANG_WARN_DEPRECATED_OBJC_IMPLEMENTATIONS = YES;
				CLANG_WARN_DIRECT_OBJC_ISA_USAGE = YES_ERROR;
				CLANG_WARN_DOCUMENTATION_COMMENTS = YES;
				CLANG_WARN_EMPTY_BODY = YES;
				CLANG_WARN_ENUM_CONVERSION = YES;
				CLANG_WARN_INFINITE_RECURSION = YES;
				CLANG_WARN_INT_CONVERSION = YES;
				CLANG_WARN_NON_LITERAL_NULL_CONVERSION = YES;
				CLANG_WARN_OBJC_IMPLICIT_RETAIN_SELF = YES;
				CLANG_WARN_OBJC_LITERAL_CONVERSION = YES;
				CLANG_WARN_OBJC_ROOT_CLASS = YES_ERROR;
				CLANG_WARN_QUOTED_INCLUDE_IN_FRAMEWORK_HEADER = YES;
				CLANG_WARN_RANGE_LOOP_ANALYSIS = YES;
				CLANG_WARN_STRICT_PROTOTYPES = YES;
				CLANG_WARN_SUSPICIOUS_MOVE = YES;
				CLANG_WARN_UNGUARDED_AVAILABILITY = YES_AGGRESSIVE;
				CLANG_WARN_UNREACHABLE_CODE = YES;
				CLANG_WARN__DUPLICATE_METHOD_MATCH = YES;
				COPY_PHASE_STRIP = NO;
				DEBUG_INFORMATION_FORMAT = dwarf;
				ENABLE_STRICT_OBJC_MSGSEND = YES;
				ENABLE_TESTABILITY = YES;
				GCC_C_LANGUAGE_STANDARD = gnu11;
				GCC_DYNAMIC_NO_PIC = NO;
				GCC_NO_COMMON_BLOCKS = YES;
				GCC_OPTIMIZATION_LEVEL = 0;
				GCC_PREPROCESSOR_DEFINITIONS = (
					"DEBUG=1",
					"$(inherited)",
				);
				GCC_WARN_64_TO_32_BIT_CONVERSION = YES;
				GCC_WARN_ABOUT_RETURN_TYPE = YES_ERROR;
				GCC_WARN_UNDECLARED_SELECTOR = YES;
				GCC_WARN_UNINITIALIZED_AUTOS = YES_AGGRESSIVE;
				GCC_WARN_UNUSED_FUNCTION = YES;
				GCC_WARN_UNUSED_VARIABLE = YES;
				IPHONEOS_DEPLOYMENT_TARGET = 16.0;
				MTL_ENABLE_DEBUG_INFO = INCLUDE_SOURCE;
				MTL_FAST_MATH = YES;
				ONLY_ACTIVE_ARCH = YES;
				SDKROOT = iphoneos;
				SWIFT_ACTIVE_COMPILATION_CONDITIONS = DEBUG;
				SWIFT_OPTIMIZATION_LEVEL = "-Onone";
			};
			name = Debug;
		};
		958D70682906D616002D69FC /* Release */ = {
			isa = XCBuildConfiguration;
			buildSettings = {
				ALWAYS_SEARCH_USER_PATHS = NO;
				CLANG_ANALYZER_NONNULL = YES;
				CLANG_ANALYZER_NUMBER_OBJECT_CONVERSION = YES_AGGRESSIVE;
				CLANG_CXX_LANGUAGE_STANDARD = "gnu++20";
				CLANG_ENABLE_MODULES = YES;
				CLANG_ENABLE_OBJC_ARC = YES;
				CLANG_ENABLE_OBJC_WEAK = YES;
				CLANG_WARN_BLOCK_CAPTURE_AUTORELEASING = YES;
				CLANG_WARN_BOOL_CONVERSION = YES;
				CLANG_WARN_COMMA = YES;
				CLANG_WARN_CONSTANT_CONVERSION = YES;
				CLANG_WARN_DEPRECATED_OBJC_IMPLEMENTATIONS = YES;
				CLANG_WARN_DIRECT_OBJC_ISA_USAGE = YES_ERROR;
				CLANG_WARN_DOCUMENTATION_COMMENTS = YES;
				CLANG_WARN_EMPTY_BODY = YES;
				CLANG_WARN_ENUM_CONVERSION = YES;
				CLANG_WARN_INFINITE_RECURSION = YES;
				CLANG_WARN_INT_CONVERSION = YES;
				CLANG_WARN_NON_LITERAL_NULL_CONVERSION = YES;
				CLANG_WARN_OBJC_IMPLICIT_RETAIN_SELF = YES;
				CLANG_WARN_OBJC_LITERAL_CONVERSION = YES;
				CLANG_WARN_OBJC_ROOT_CLASS = YES_ERROR;
				CLANG_WARN_QUOTED_INCLUDE_IN_FRAMEWORK_HEADER = YES;
				CLANG_WARN_RANGE_LOOP_ANALYSIS = YES;
				CLANG_WARN_STRICT_PROTOTYPES = YES;
				CLANG_WARN_SUSPICIOUS_MOVE = YES;
				CLANG_WARN_UNGUARDED_AVAILABILITY = YES_AGGRESSIVE;
				CLANG_WARN_UNREACHABLE_CODE = YES;
				CLANG_WARN__DUPLICATE_METHOD_MATCH = YES;
				COPY_PHASE_STRIP = NO;
				DEBUG_INFORMATION_FORMAT = "dwarf-with-dsym";
				ENABLE_NS_ASSERTIONS = NO;
				ENABLE_STRICT_OBJC_MSGSEND = YES;
				GCC_C_LANGUAGE_STANDARD = gnu11;
				GCC_NO_COMMON_BLOCKS = YES;
				GCC_WARN_64_TO_32_BIT_CONVERSION = YES;
				GCC_WARN_ABOUT_RETURN_TYPE = YES_ERROR;
				GCC_WARN_UNDECLARED_SELECTOR = YES;
				GCC_WARN_UNINITIALIZED_AUTOS = YES_AGGRESSIVE;
				GCC_WARN_UNUSED_FUNCTION = YES;
				GCC_WARN_UNUSED_VARIABLE = YES;
				IPHONEOS_DEPLOYMENT_TARGET = 16.0;
				MTL_ENABLE_DEBUG_INFO = NO;
				MTL_FAST_MATH = YES;
				SDKROOT = iphoneos;
				SWIFT_COMPILATION_MODE = wholemodule;
				SWIFT_OPTIMIZATION_LEVEL = "-O";
				VALIDATE_PRODUCT = YES;
			};
			name = Release;
		};
		958D706A2906D616002D69FC /* Debug */ = {
			isa = XCBuildConfiguration;
			buildSettings = {
				ASSETCATALOG_COMPILER_APPICON_NAME = AppIcon;
				ASSETCATALOG_COMPILER_GLOBAL_ACCENT_COLOR_NAME = AccentColor;
				CODE_SIGN_STYLE = Automatic;
				CURRENT_PROJECT_VERSION = 1;
				DEVELOPMENT_TEAM = 727WSJDZ7D;
				GENERATE_INFOPLIST_FILE = YES;
				INFOPLIST_FILE = "fit-base/Info.plist";
				INFOPLIST_KEY_UIApplicationSupportsIndirectInputEvents = YES;
				INFOPLIST_KEY_UILaunchStoryboardName = LaunchScreen;
				INFOPLIST_KEY_UIMainStoryboardFile = Main;
				INFOPLIST_KEY_UISupportedInterfaceOrientations_iPad = "UIInterfaceOrientationPortrait UIInterfaceOrientationPortraitUpsideDown UIInterfaceOrientationLandscapeLeft UIInterfaceOrientationLandscapeRight";
				INFOPLIST_KEY_UISupportedInterfaceOrientations_iPhone = "UIInterfaceOrientationPortrait UIInterfaceOrientationLandscapeLeft UIInterfaceOrientationLandscapeRight";
				LD_RUNPATH_SEARCH_PATHS = (
					"$(inherited)",
					"@executable_path/Frameworks",
				);
				MARKETING_VERSION = 1.0;
				PRODUCT_BUNDLE_IDENTIFIER = "none.fit-base";
				PRODUCT_NAME = "$(TARGET_NAME)";
				SWIFT_EMIT_LOC_STRINGS = YES;
				SWIFT_VERSION = 5.0;
				TARGETED_DEVICE_FAMILY = "1,2";
			};
			name = Debug;
		};
		958D706B2906D616002D69FC /* Release */ = {
			isa = XCBuildConfiguration;
			buildSettings = {
				ASSETCATALOG_COMPILER_APPICON_NAME = AppIcon;
				ASSETCATALOG_COMPILER_GLOBAL_ACCENT_COLOR_NAME = AccentColor;
				CODE_SIGN_STYLE = Automatic;
				CURRENT_PROJECT_VERSION = 1;
				DEVELOPMENT_TEAM = 727WSJDZ7D;
				GENERATE_INFOPLIST_FILE = YES;
				INFOPLIST_FILE = "fit-base/Info.plist";
				INFOPLIST_KEY_UIApplicationSupportsIndirectInputEvents = YES;
				INFOPLIST_KEY_UILaunchStoryboardName = LaunchScreen;
				INFOPLIST_KEY_UIMainStoryboardFile = Main;
				INFOPLIST_KEY_UISupportedInterfaceOrientations_iPad = "UIInterfaceOrientationPortrait UIInterfaceOrientationPortraitUpsideDown UIInterfaceOrientationLandscapeLeft UIInterfaceOrientationLandscapeRight";
				INFOPLIST_KEY_UISupportedInterfaceOrientations_iPhone = "UIInterfaceOrientationPortrait UIInterfaceOrientationLandscapeLeft UIInterfaceOrientationLandscapeRight";
				LD_RUNPATH_SEARCH_PATHS = (
					"$(inherited)",
					"@executable_path/Frameworks",
				);
				MARKETING_VERSION = 1.0;
				PRODUCT_BUNDLE_IDENTIFIER = "none.fit-base";
				PRODUCT_NAME = "$(TARGET_NAME)";
				SWIFT_EMIT_LOC_STRINGS = YES;
				SWIFT_VERSION = 5.0;
				TARGETED_DEVICE_FAMILY = "1,2";
			};
			name = Release;
		};
		958D706D2906D616002D69FC /* Debug */ = {
			isa = XCBuildConfiguration;
			buildSettings = {
				ALWAYS_EMBED_SWIFT_STANDARD_LIBRARIES = YES;
				BUNDLE_LOADER = "$(TEST_HOST)";
				CODE_SIGN_STYLE = Automatic;
				CURRENT_PROJECT_VERSION = 1;
				DEVELOPMENT_TEAM = 727WSJDZ7D;
				GENERATE_INFOPLIST_FILE = YES;
				IPHONEOS_DEPLOYMENT_TARGET = 16.0;
				MARKETING_VERSION = 1.0;
				PRODUCT_BUNDLE_IDENTIFIER = "none.fit-baseTests";
				PRODUCT_NAME = "$(TARGET_NAME)";
				SWIFT_EMIT_LOC_STRINGS = NO;
				SWIFT_VERSION = 5.0;
				TARGETED_DEVICE_FAMILY = "1,2";
				TEST_HOST = "$(BUILT_PRODUCTS_DIR)/fit-base.app/$(BUNDLE_EXECUTABLE_FOLDER_PATH)/fit-base";
			};
			name = Debug;
		};
		958D706E2906D616002D69FC /* Release */ = {
			isa = XCBuildConfiguration;
			buildSettings = {
				ALWAYS_EMBED_SWIFT_STANDARD_LIBRARIES = YES;
				BUNDLE_LOADER = "$(TEST_HOST)";
				CODE_SIGN_STYLE = Automatic;
				CURRENT_PROJECT_VERSION = 1;
				DEVELOPMENT_TEAM = 727WSJDZ7D;
				GENERATE_INFOPLIST_FILE = YES;
				IPHONEOS_DEPLOYMENT_TARGET = 16.0;
				MARKETING_VERSION = 1.0;
				PRODUCT_BUNDLE_IDENTIFIER = "none.fit-baseTests";
				PRODUCT_NAME = "$(TARGET_NAME)";
				SWIFT_EMIT_LOC_STRINGS = NO;
				SWIFT_VERSION = 5.0;
				TARGETED_DEVICE_FAMILY = "1,2";
				TEST_HOST = "$(BUILT_PRODUCTS_DIR)/fit-base.app/$(BUNDLE_EXECUTABLE_FOLDER_PATH)/fit-base";
			};
			name = Release;
		};
		958D70702906D616002D69FC /* Debug */ = {
			isa = XCBuildConfiguration;
			buildSettings = {
				ALWAYS_EMBED_SWIFT_STANDARD_LIBRARIES = YES;
				CODE_SIGN_STYLE = Automatic;
				CURRENT_PROJECT_VERSION = 1;
				DEVELOPMENT_TEAM = 727WSJDZ7D;
				GENERATE_INFOPLIST_FILE = YES;
				MARKETING_VERSION = 1.0;
				PRODUCT_BUNDLE_IDENTIFIER = "none.fit-baseUITests";
				PRODUCT_NAME = "$(TARGET_NAME)";
				SWIFT_EMIT_LOC_STRINGS = NO;
				SWIFT_VERSION = 5.0;
				TARGETED_DEVICE_FAMILY = "1,2";
				TEST_TARGET_NAME = "fit-base";
			};
			name = Debug;
		};
		958D70712906D616002D69FC /* Release */ = {
			isa = XCBuildConfiguration;
			buildSettings = {
				ALWAYS_EMBED_SWIFT_STANDARD_LIBRARIES = YES;
				CODE_SIGN_STYLE = Automatic;
				CURRENT_PROJECT_VERSION = 1;
				DEVELOPMENT_TEAM = 727WSJDZ7D;
				GENERATE_INFOPLIST_FILE = YES;
				MARKETING_VERSION = 1.0;
				PRODUCT_BUNDLE_IDENTIFIER = "none.fit-baseUITests";
				PRODUCT_NAME = "$(TARGET_NAME)";
				SWIFT_EMIT_LOC_STRINGS = NO;
				SWIFT_VERSION = 5.0;
				TARGETED_DEVICE_FAMILY = "1,2";
				TEST_TARGET_NAME = "fit-base";
			};
			name = Release;
		};
/* End XCBuildConfiguration section */

/* Begin XCConfigurationList section */
		958D703A2906D616002D69FC /* Build configuration list for PBXProject "fit-base" */ = {
			isa = XCConfigurationList;
			buildConfigurations = (
				958D70672906D616002D69FC /* Debug */,
				958D70682906D616002D69FC /* Release */,
			);
			defaultConfigurationIsVisible = 0;
			defaultConfigurationName = Release;
		};
		958D70692906D616002D69FC /* Build configuration list for PBXNativeTarget "fit-base" */ = {
			isa = XCConfigurationList;
			buildConfigurations = (
				958D706A2906D616002D69FC /* Debug */,
				958D706B2906D616002D69FC /* Release */,
			);
			defaultConfigurationIsVisible = 0;
			defaultConfigurationName = Release;
		};
		958D706C2906D616002D69FC /* Build configuration list for PBXNativeTarget "fit-baseTests" */ = {
			isa = XCConfigurationList;
			buildConfigurations = (
				958D706D2906D616002D69FC /* Debug */,
				958D706E2906D616002D69FC /* Release */,
			);
			defaultConfigurationIsVisible = 0;
			defaultConfigurationName = Release;
		};
		958D706F2906D616002D69FC /* Build configuration list for PBXNativeTarget "fit-baseUITests" */ = {
			isa = XCConfigurationList;
			buildConfigurations = (
				958D70702906D616002D69FC /* Debug */,
				958D70712906D616002D69FC /* Release */,
			);
			defaultConfigurationIsVisible = 0;
			defaultConfigurationName = Release;
		};
/* End XCConfigurationList section */
	};
	rootObject = 958D70372906D616002D69FC /* Project object */;
}
